
Microsoft Visual Studio Solution File, Format Version 12.00
# Visual Studio Version 16
VisualStudioVersion = 16.0.31025.194
MinimumVisualStudioVersion = 10.0.40219.1
Project("{FAE04EC0-301F-11D3-BF4B-00C04F79EFBC}") = "Top-Down shooter", "Top-Down shooter.csproj", "{08B8FCA1-1D23-4E1F-9521-5C04A9F9213A}"
EndProject
Global
	GlobalSection(SolutionConfigurationPlatforms) = preSolution
		Debug|Any CPU = Debug|Any CPU
		Release|Any CPU = Release|Any CPU
	EndGlobalSection
	GlobalSection(ProjectConfigurationPlatforms) = postSolution
		{08B8FCA1-1D23-4E1F-9521-5C04A9F9213A}.Debug|Any CPU.ActiveCfg = Debug|Any CPU
		{08B8FCA1-1D23-4E1F-9521-5C04A9F9213A}.Debug|Any CPU.Build.0 = Debug|Any CPU
		{08B8FCA1-1D23-4E1F-9521-5C04A9F9213A}.Release|Any CPU.ActiveCfg = Release|Any CPU
		{08B8FCA1-1D23-4E1F-9521-5C04A9F9213A}.Release|Any CPU.Build.0 = Release|Any CPU
	EndGlobalSection
	GlobalSection(SolutionProperties) = preSolution
		HideSolutionNode = FALSE
	EndGlobalSection
	GlobalSection(ExtensibilityGlobals) = postSolution
		SolutionGuid = {3B876F65-84F6-4B21-A9A3-C936DD362B0A}
	EndGlobalSection
EndGlobal
